// !$*UTF8*$!
{
	archiveVersion = 1;
	classes = {
	};
	objectVersion = 48;
	objects = {

/* Begin PBXBuildFile section */
		11B9E9701FFBBEF600C4B953 /* AppDelegate.m in Sources */ = {isa = PBXBuildFile; fileRef = 11B9E96F1FFBBEF600C4B953 /* AppDelegate.m */; };
		11B9E9731FFBBEF600C4B953 /* ViewController.m in Sources */ = {isa = PBXBuildFile; fileRef = 11B9E9721FFBBEF600C4B953 /* ViewController.m */; };
		11B9E9781FFBBEF600C4B953 /* Assets.xcassets in Resources */ = {isa = PBXBuildFile; fileRef = 11B9E9771FFBBEF600C4B953 /* Assets.xcassets */; };
		11B9E97B1FFBBEF600C4B953 /* LaunchScreen.storyboard in Resources */ = {isa = PBXBuildFile; fileRef = 11B9E9791FFBBEF600C4B953 /* LaunchScreen.storyboard */; };
		11B9E97E1FFBBEF600C4B953 /* main.m in Sources */ = {isa = PBXBuildFile; fileRef = 11B9E97D1FFBBEF600C4B953 /* main.m */; };
		11B9E9881FFBBEF600C4B953 /* SKPopMenuDemoTests.m in Sources */ = {isa = PBXBuildFile; fileRef = 11B9E9871FFBBEF600C4B953 /* SKPopMenuDemoTests.m */; };
		11B9E9931FFBBEF600C4B953 /* SKPopMenuDemoUITests.m in Sources */ = {isa = PBXBuildFile; fileRef = 11B9E9921FFBBEF600C4B953 /* SKPopMenuDemoUITests.m */; };
		11B9E9A31FFBC33F00C4B953 /* SKPopMenuListView.m in Sources */ = {isa = PBXBuildFile; fileRef = 11B9E9A11FFBC33F00C4B953 /* SKPopMenuListView.m */; };
		11B9E9C21FFBC36500C4B953 /* Info.plist in Resources */ = {isa = PBXBuildFile; fileRef = 11B9E9A51FFBC36500C4B953 /* Info.plist */; };
		11B9E9C31FFBC36500C4B953 /* MASCompositeConstraint.m in Sources */ = {isa = PBXBuildFile; fileRef = 11B9E9A71FFBC36500C4B953 /* MASCompositeConstraint.m */; };
		11B9E9C41FFBC36500C4B953 /* MASConstraint.m in Sources */ = {isa = PBXBuildFile; fileRef = 11B9E9AA1FFBC36500C4B953 /* MASConstraint.m */; };
		11B9E9C51FFBC36500C4B953 /* MASConstraintMaker.m in Sources */ = {isa = PBXBuildFile; fileRef = 11B9E9AC1FFBC36500C4B953 /* MASConstraintMaker.m */; };
		11B9E9C61FFBC36500C4B953 /* MASLayoutConstraint.m in Sources */ = {isa = PBXBuildFile; fileRef = 11B9E9AE1FFBC36500C4B953 /* MASLayoutConstraint.m */; };
		11B9E9C71FFBC36500C4B953 /* MASViewAttribute.m in Sources */ = {isa = PBXBuildFile; fileRef = 11B9E9B21FFBC36500C4B953 /* MASViewAttribute.m */; };
		11B9E9C81FFBC36500C4B953 /* MASViewConstraint.m in Sources */ = {isa = PBXBuildFile; fileRef = 11B9E9B41FFBC36500C4B953 /* MASViewConstraint.m */; };
		11B9E9C91FFBC36500C4B953 /* NSArray+MASAdditions.m in Sources */ = {isa = PBXBuildFile; fileRef = 11B9E9B61FFBC36500C4B953 /* NSArray+MASAdditions.m */; };
		11B9E9CA1FFBC36500C4B953 /* NSLayoutConstraint+MASDebugAdditions.m in Sources */ = {isa = PBXBuildFile; fileRef = 11B9E9B91FFBC36500C4B953 /* NSLayoutConstraint+MASDebugAdditions.m */; };
		11B9E9CB1FFBC36500C4B953 /* View+MASAdditions.m in Sources */ = {isa = PBXBuildFile; fileRef = 11B9E9BE1FFBC36500C4B953 /* View+MASAdditions.m */; };
		11B9E9CC1FFBC36500C4B953 /* ViewController+MASAdditions.m in Sources */ = {isa = PBXBuildFile; fileRef = 11B9E9C11FFBC36500C4B953 /* ViewController+MASAdditions.m */; };
/* End PBXBuildFile section */

/* Begin PBXContainerItemProxy section */
		11B9E9841FFBBEF600C4B953 /* PBXContainerItemProxy */ = {
			isa = PBXContainerItemProxy;
			containerPortal = 11B9E9631FFBBEF600C4B953 /* Project object */;
			proxyType = 1;
			remoteGlobalIDString = 11B9E96A1FFBBEF600C4B953;
			remoteInfo = SKPopMenuDemo;
		};
		11B9E98F1FFBBEF600C4B953 /* PBXContainerItemProxy */ = {
			isa = PBXContainerItemProxy;
			containerPortal = 11B9E9631FFBBEF600C4B953 /* Project object */;
			proxyType = 1;
			remoteGlobalIDString = 11B9E96A1FFBBEF600C4B953;
			remoteInfo = SKPopMenuDemo;
		};
/* End PBXContainerItemProxy section */

/* Begin PBXFileReference section */
		11B9E96B1FFBBEF600C4B953 /* SKPopMenuDemo.app */ = {isa = PBXFileReference; explicitFileType = wrapper.application; includeInIndex = 0; path = SKPopMenuDemo.app; sourceTree = BUILT_PRODUCTS_DIR; };
		11B9E96E1FFBBEF600C4B953 /* AppDelegate.h */ = {isa = PBXFileReference; lastKnownFileType = sourcecode.c.h; path = AppDelegate.h; sourceTree = "<group>"; };
		11B9E96F1FFBBEF600C4B953 /* AppDelegate.m */ = {isa = PBXFileReference; lastKnownFileType = sourcecode.c.objc; path = AppDelegate.m; sourceTree = "<group>"; };
		11B9E9711FFBBEF600C4B953 /* ViewController.h */ = {isa = PBXFileReference; lastKnownFileType = sourcecode.c.h; path = ViewController.h; sourceTree = "<group>"; };
		11B9E9721FFBBEF600C4B953 /* ViewController.m */ = {isa = PBXFileReference; lastKnownFileType = sourcecode.c.objc; path = ViewController.m; sourceTree = "<group>"; };
		11B9E9771FFBBEF600C4B953 /* Assets.xcassets */ = {isa = PBXFileReference; lastKnownFileType = folder.assetcatalog; path = Assets.xcassets; sourceTree = "<group>"; };
		11B9E97A1FFBBEF600C4B953 /* Base */ = {isa = PBXFileReference; lastKnownFileType = file.storyboard; name = Base; path = Base.lproj/LaunchScreen.storyboard; sourceTree = "<group>"; };
		11B9E97C1FFBBEF600C4B953 /* Info.plist */ = {isa = PBXFileReference; lastKnownFileType = text.plist.xml; path = Info.plist; sourceTree = "<group>"; };
		11B9E97D1FFBBEF600C4B953 /* main.m */ = {isa = PBXFileReference; lastKnownFileType = sourcecode.c.objc; path = main.m; sourceTree = "<group>"; };
		11B9E9831FFBBEF600C4B953 /* SKPopMenuDemoTests.xctest */ = {isa = PBXFileReference; explicitFileType = wrapper.cfbundle; includeInIndex = 0; path = SKPopMenuDemoTests.xctest; sourceTree = BUILT_PRODUCTS_DIR; };
		11B9E9871FFBBEF600C4B953 /* SKPopMenuDemoTests.m */ = {isa = PBXFileReference; lastKnownFileType = sourcecode.c.objc; path = SKPopMenuDemoTests.m; sourceTree = "<group>"; };
		11B9E9891FFBBEF600C4B953 /* Info.plist */ = {isa = PBXFileReference; lastKnownFileType = text.plist.xml; path = Info.plist; sourceTree = "<group>"; };
		11B9E98E1FFBBEF600C4B953 /* SKPopMenuDemoUITests.xctest */ = {isa = PBXFileReference; explicitFileType = wrapper.cfbundle; includeInIndex = 0; path = SKPopMenuDemoUITests.xctest; sourceTree = BUILT_PRODUCTS_DIR; };
		11B9E9921FFBBEF600C4B953 /* SKPopMenuDemoUITests.m */ = {isa = PBXFileReference; lastKnownFileType = sourcecode.c.objc; path = SKPopMenuDemoUITests.m; sourceTree = "<group>"; };
		11B9E9941FFBBEF600C4B953 /* Info.plist */ = {isa = PBXFileReference; lastKnownFileType = text.plist.xml; path = Info.plist; sourceTree = "<group>"; };
		11B9E9A11FFBC33F00C4B953 /* SKPopMenuListView.m */ = {isa = PBXFileReference; fileEncoding = 4; lastKnownFileType = sourcecode.c.objc; path = SKPopMenuListView.m; sourceTree = "<group>"; };
		11B9E9A21FFBC33F00C4B953 /* SKPopMenuListView.h */ = {isa = PBXFileReference; fileEncoding = 4; lastKnownFileType = sourcecode.c.h; path = SKPopMenuListView.h; sourceTree = "<group>"; };
		11B9E9A51FFBC36500C4B953 /* Info.plist */ = {isa = PBXFileReference; fileEncoding = 4; lastKnownFileType = text.plist.xml; path = Info.plist; sourceTree = "<group>"; };
		11B9E9A61FFBC36500C4B953 /* MASCompositeConstraint.h */ = {isa = PBXFileReference; fileEncoding = 4; lastKnownFileType = sourcecode.c.h; path = MASCompositeConstraint.h; sourceTree = "<group>"; };
		11B9E9A71FFBC36500C4B953 /* MASCompositeConstraint.m */ = {isa = PBXFileReference; fileEncoding = 4; lastKnownFileType = sourcecode.c.objc; path = MASCompositeConstraint.m; sourceTree = "<group>"; };
		11B9E9A81FFBC36500C4B953 /* MASConstraint+Private.h */ = {isa = PBXFileReference; fileEncoding = 4; lastKnownFileType = sourcecode.c.h; path = "MASConstraint+Private.h"; sourceTree = "<group>"; };
		11B9E9A91FFBC36500C4B953 /* MASConstraint.h */ = {isa = PBXFileReference; fileEncoding = 4; lastKnownFileType = sourcecode.c.h; path = MASConstraint.h; sourceTree = "<group>"; };
		11B9E9AA1FFBC36500C4B953 /* MASConstraint.m */ = {isa = PBXFileReference; fileEncoding = 4; lastKnownFileType = sourcecode.c.objc; path = MASConstraint.m; sourceTree = "<group>"; };
		11B9E9AB1FFBC36500C4B953 /* MASConstraintMaker.h */ = {isa = PBXFileReference; fileEncoding = 4; lastKnownFileType = sourcecode.c.h; path = MASConstraintMaker.h; sourceTree = "<group>"; };
		11B9E9AC1FFBC36500C4B953 /* MASConstraintMaker.m */ = {isa = PBXFileReference; fileEncoding = 4; lastKnownFileType = sourcecode.c.objc; path = MASConstraintMaker.m; sourceTree = "<group>"; };
		11B9E9AD1FFBC36500C4B953 /* MASLayoutConstraint.h */ = {isa = PBXFileReference; fileEncoding = 4; lastKnownFileType = sourcecode.c.h; path = MASLayoutConstraint.h; sourceTree = "<group>"; };
		11B9E9AE1FFBC36500C4B953 /* MASLayoutConstraint.m */ = {isa = PBXFileReference; fileEncoding = 4; lastKnownFileType = sourcecode.c.objc; path = MASLayoutConstraint.m; sourceTree = "<group>"; };
		11B9E9AF1FFBC36500C4B953 /* Masonry.h */ = {isa = PBXFileReference; fileEncoding = 4; lastKnownFileType = sourcecode.c.h; path = Masonry.h; sourceTree = "<group>"; };
		11B9E9B01FFBC36500C4B953 /* MASUtilities.h */ = {isa = PBXFileReference; fileEncoding = 4; lastKnownFileType = sourcecode.c.h; path = MASUtilities.h; sourceTree = "<group>"; };
		11B9E9B11FFBC36500C4B953 /* MASViewAttribute.h */ = {isa = PBXFileReference; fileEncoding = 4; lastKnownFileType = sourcecode.c.h; path = MASViewAttribute.h; sourceTree = "<group>"; };
		11B9E9B21FFBC36500C4B953 /* MASViewAttribute.m */ = {isa = PBXFileReference; fileEncoding = 4; lastKnownFileType = sourcecode.c.objc; path = MASViewAttribute.m; sourceTree = "<group>"; };
		11B9E9B31FFBC36500C4B953 /* MASViewConstraint.h */ = {isa = PBXFileReference; fileEncoding = 4; lastKnownFileType = sourcecode.c.h; path = MASViewConstraint.h; sourceTree = "<group>"; };
		11B9E9B41FFBC36500C4B953 /* MASViewConstraint.m */ = {isa = PBXFileReference; fileEncoding = 4; lastKnownFileType = sourcecode.c.objc; path = MASViewConstraint.m; sourceTree = "<group>"; };
		11B9E9B51FFBC36500C4B953 /* NSArray+MASAdditions.h */ = {isa = PBXFileReference; fileEncoding = 4; lastKnownFileType = sourcecode.c.h; path = "NSArray+MASAdditions.h"; sourceTree = "<group>"; };
		11B9E9B61FFBC36500C4B953 /* NSArray+MASAdditions.m */ = {isa = PBXFileReference; fileEncoding = 4; lastKnownFileType = sourcecode.c.objc; path = "NSArray+MASAdditions.m"; sourceTree = "<group>"; };
		11B9E9B71FFBC36500C4B953 /* NSArray+MASShorthandAdditions.h */ = {isa = PBXFileReference; fileEncoding = 4; lastKnownFileType = sourcecode.c.h; path = "NSArray+MASShorthandAdditions.h"; sourceTree = "<group>"; };
		11B9E9B81FFBC36500C4B953 /* NSLayoutConstraint+MASDebugAdditions.h */ = {isa = PBXFileReference; fileEncoding = 4; lastKnownFileType = sourcecode.c.h; path = "NSLayoutConstraint+MASDebugAdditions.h"; sourceTree = "<group>"; };
		11B9E9B91FFBC36500C4B953 /* NSLayoutConstraint+MASDebugAdditions.m */ = {isa = PBXFileReference; fileEncoding = 4; lastKnownFileType = sourcecode.c.objc; path = "NSLayoutConstraint+MASDebugAdditions.m"; sourceTree = "<group>"; };
		11B9E9BD1FFBC36500C4B953 /* View+MASAdditions.h */ = {isa = PBXFileReference; fileEncoding = 4; lastKnownFileType = sourcecode.c.h; path = "View+MASAdditions.h"; sourceTree = "<group>"; };
		11B9E9BE1FFBC36500C4B953 /* View+MASAdditions.m */ = {isa = PBXFileReference; fileEncoding = 4; lastKnownFileType = sourcecode.c.objc; path = "View+MASAdditions.m"; sourceTree = "<group>"; };
		11B9E9BF1FFBC36500C4B953 /* View+MASShorthandAdditions.h */ = {isa = PBXFileReference; fileEncoding = 4; lastKnownFileType = sourcecode.c.h; path = "View+MASShorthandAdditions.h"; sourceTree = "<group>"; };
		11B9E9C01FFBC36500C4B953 /* ViewController+MASAdditions.h */ = {isa = PBXFileReference; fileEncoding = 4; lastKnownFileType = sourcecode.c.h; path = "ViewController+MASAdditions.h"; sourceTree = "<group>"; };
		11B9E9C11FFBC36500C4B953 /* ViewController+MASAdditions.m */ = {isa = PBXFileReference; fileEncoding = 4; lastKnownFileType = sourcecode.c.objc; path = "ViewController+MASAdditions.m"; sourceTree = "<group>"; };
		11B9E9CD1FFBC38D00C4B953 /* pop.pch */ = {isa = PBXFileReference; lastKnownFileType = sourcecode.c.h; path = pop.pch; sourceTree = "<group>"; };
/* End PBXFileReference section */

/* Begin PBXFrameworksBuildPhase section */
		11B9E9681FFBBEF600C4B953 /* Frameworks */ = {
			isa = PBXFrameworksBuildPhase;
			buildActionMask = 2147483647;
			files = (
			);
			runOnlyForDeploymentPostprocessing = 0;
		};
		11B9E9801FFBBEF600C4B953 /* Frameworks */ = {
			isa = PBXFrameworksBuildPhase;
			buildActionMask = 2147483647;
			files = (
			);
			runOnlyForDeploymentPostprocessing = 0;
		};
		11B9E98B1FFBBEF600C4B953 /* Frameworks */ = {
			isa = PBXFrameworksBuildPhase;
			buildActionMask = 2147483647;
			files = (
			);
			runOnlyForDeploymentPostprocessing = 0;
		};
/* End PBXFrameworksBuildPhase section */

/* Begin PBXGroup section */
		11B9E9621FFBBEF600C4B953 = {
			isa = PBXGroup;
			children = (
				11B9E96D1FFBBEF600C4B953 /* SKPopMenuDemo */,
				11B9E9861FFBBEF600C4B953 /* SKPopMenuDemoTests */,
				11B9E9911FFBBEF600C4B953 /* SKPopMenuDemoUITests */,
				11B9E96C1FFBBEF600C4B953 /* Products */,
			);
			sourceTree = "<group>";
		};
		11B9E96C1FFBBEF600C4B953 /* Products */ = {
			isa = PBXGroup;
			children = (
				11B9E96B1FFBBEF600C4B953 /* SKPopMenuDemo.app */,
				11B9E9831FFBBEF600C4B953 /* SKPopMenuDemoTests.xctest */,
				11B9E98E1FFBBEF600C4B953 /* SKPopMenuDemoUITests.xctest */,
			);
			name = Products;
			sourceTree = "<group>";
		};
		11B9E96D1FFBBEF600C4B953 /* SKPopMenuDemo */ = {
			isa = PBXGroup;
			children = (
				11B9E9A41FFBC36500C4B953 /* Masonry */,
				11B9E9A01FFBC27A00C4B953 /* SKPopFamily */,
				11B9E96E1FFBBEF600C4B953 /* AppDelegate.h */,
				11B9E96F1FFBBEF600C4B953 /* AppDelegate.m */,
				11B9E9711FFBBEF600C4B953 /* ViewController.h */,
				11B9E9721FFBBEF600C4B953 /* ViewController.m */,
				11B9E9CD1FFBC38D00C4B953 /* pop.pch */,
				11B9E9771FFBBEF600C4B953 /* Assets.xcassets */,
				11B9E9791FFBBEF600C4B953 /* LaunchScreen.storyboard */,
				11B9E97C1FFBBEF600C4B953 /* Info.plist */,
				11B9E97D1FFBBEF600C4B953 /* main.m */,
			);
			path = SKPopMenuDemo;
			sourceTree = "<group>";
		};
		11B9E9861FFBBEF600C4B953 /* SKPopMenuDemoTests */ = {
			isa = PBXGroup;
			children = (
				11B9E9871FFBBEF600C4B953 /* SKPopMenuDemoTests.m */,
				11B9E9891FFBBEF600C4B953 /* Info.plist */,
			);
			path = SKPopMenuDemoTests;
			sourceTree = "<group>";
		};
		11B9E9911FFBBEF600C4B953 /* SKPopMenuDemoUITests */ = {
			isa = PBXGroup;
			children = (
				11B9E9921FFBBEF600C4B953 /* SKPopMenuDemoUITests.m */,
				11B9E9941FFBBEF600C4B953 /* Info.plist */,
			);
			path = SKPopMenuDemoUITests;
			sourceTree = "<group>";
		};
		11B9E9A01FFBC27A00C4B953 /* SKPopFamily */ = {
			isa = PBXGroup;
			children = (
				11B9E9A21FFBC33F00C4B953 /* SKPopMenuListView.h */,
				11B9E9A11FFBC33F00C4B953 /* SKPopMenuListView.m */,
			);
			path = SKPopFamily;
			sourceTree = "<group>";
		};
		11B9E9A41FFBC36500C4B953 /* Masonry */ = {
			isa = PBXGroup;
			children = (
				11B9E9A51FFBC36500C4B953 /* Info.plist */,
				11B9E9A61FFBC36500C4B953 /* MASCompositeConstraint.h */,
				11B9E9A71FFBC36500C4B953 /* MASCompositeConstraint.m */,
				11B9E9A81FFBC36500C4B953 /* MASConstraint+Private.h */,
				11B9E9A91FFBC36500C4B953 /* MASConstraint.h */,
				11B9E9AA1FFBC36500C4B953 /* MASConstraint.m */,
				11B9E9AB1FFBC36500C4B953 /* MASConstraintMaker.h */,
				11B9E9AC1FFBC36500C4B953 /* MASConstraintMaker.m */,
				11B9E9AD1FFBC36500C4B953 /* MASLayoutConstraint.h */,
				11B9E9AE1FFBC36500C4B953 /* MASLayoutConstraint.m */,
				11B9E9AF1FFBC36500C4B953 /* Masonry.h */,
				11B9E9B01FFBC36500C4B953 /* MASUtilities.h */,
				11B9E9B11FFBC36500C4B953 /* MASViewAttribute.h */,
				11B9E9B21FFBC36500C4B953 /* MASViewAttribute.m */,
				11B9E9B31FFBC36500C4B953 /* MASViewConstraint.h */,
				11B9E9B41FFBC36500C4B953 /* MASViewConstraint.m */,
				11B9E9B51FFBC36500C4B953 /* NSArray+MASAdditions.h */,
				11B9E9B61FFBC36500C4B953 /* NSArray+MASAdditions.m */,
				11B9E9B71FFBC36500C4B953 /* NSArray+MASShorthandAdditions.h */,
				11B9E9B81FFBC36500C4B953 /* NSLayoutConstraint+MASDebugAdditions.h */,
				11B9E9B91FFBC36500C4B953 /* NSLayoutConstraint+MASDebugAdditions.m */,
				11B9E9BA1FFBC36500C4B953 /* Pandora */,
				11B9E9BD1FFBC36500C4B953 /* View+MASAdditions.h */,
				11B9E9BE1FFBC36500C4B953 /* View+MASAdditions.m */,
				11B9E9BF1FFBC36500C4B953 /* View+MASShorthandAdditions.h */,
				11B9E9C01FFBC36500C4B953 /* ViewController+MASAdditions.h */,
				11B9E9C11FFBC36500C4B953 /* ViewController+MASAdditions.m */,
			);
			path = Masonry;
			sourceTree = "<group>";
		};
		11B9E9BA1FFBC36500C4B953 /* Pandora */ = {
			isa = PBXGroup;
			children = (
				11B9E9BB1FFBC36500C4B953 /* apps */,
			);
			path = Pandora;
			sourceTree = "<group>";
		};
		11B9E9BB1FFBC36500C4B953 /* apps */ = {
			isa = PBXGroup;
			children = (
				11B9E9BC1FFBC36500C4B953 /* HelloH5 */,
			);
			path = apps;
			sourceTree = "<group>";
		};
		11B9E9BC1FFBC36500C4B953 /* HelloH5 */ = {
			isa = PBXGroup;
			children = (
			);
			path = HelloH5;
			sourceTree = "<group>";
		};
/* End PBXGroup section */

/* Begin PBXNativeTarget section */
		11B9E96A1FFBBEF600C4B953 /* SKPopMenuDemo */ = {
			isa = PBXNativeTarget;
			buildConfigurationList = 11B9E9971FFBBEF600C4B953 /* Build configuration list for PBXNativeTarget "SKPopMenuDemo" */;
			buildPhases = (
				11B9E9671FFBBEF600C4B953 /* Sources */,
				11B9E9681FFBBEF600C4B953 /* Frameworks */,
				11B9E9691FFBBEF600C4B953 /* Resources */,
			);
			buildRules = (
			);
			dependencies = (
			);
			name = SKPopMenuDemo;
			productName = SKPopMenuDemo;
			productReference = 11B9E96B1FFBBEF600C4B953 /* SKPopMenuDemo.app */;
			productType = "com.apple.product-type.application";
		};
		11B9E9821FFBBEF600C4B953 /* SKPopMenuDemoTests */ = {
			isa = PBXNativeTarget;
			buildConfigurationList = 11B9E99A1FFBBEF600C4B953 /* Build configuration list for PBXNativeTarget "SKPopMenuDemoTests" */;
			buildPhases = (
				11B9E97F1FFBBEF600C4B953 /* Sources */,
				11B9E9801FFBBEF600C4B953 /* Frameworks */,
				11B9E9811FFBBEF600C4B953 /* Resources */,
			);
			buildRules = (
			);
			dependencies = (
				11B9E9851FFBBEF600C4B953 /* PBXTargetDependency */,
			);
			name = SKPopMenuDemoTests;
			productName = SKPopMenuDemoTests;
			productReference = 11B9E9831FFBBEF600C4B953 /* SKPopMenuDemoTests.xctest */;
			productType = "com.apple.product-type.bundle.unit-test";
		};
		11B9E98D1FFBBEF600C4B953 /* SKPopMenuDemoUITests */ = {
			isa = PBXNativeTarget;
			buildConfigurationList = 11B9E99D1FFBBEF600C4B953 /* Build configuration list for PBXNativeTarget "SKPopMenuDemoUITests" */;
			buildPhases = (
				11B9E98A1FFBBEF600C4B953 /* Sources */,
				11B9E98B1FFBBEF600C4B953 /* Frameworks */,
				11B9E98C1FFBBEF600C4B953 /* Resources */,
			);
			buildRules = (
			);
			dependencies = (
				11B9E9901FFBBEF600C4B953 /* PBXTargetDependency */,
			);
			name = SKPopMenuDemoUITests;
			productName = SKPopMenuDemoUITests;
			productReference = 11B9E98E1FFBBEF600C4B953 /* SKPopMenuDemoUITests.xctest */;
			productType = "com.apple.product-type.bundle.ui-testing";
		};
/* End PBXNativeTarget section */

/* Begin PBXProject section */
		11B9E9631FFBBEF600C4B953 /* Project object */ = {
			isa = PBXProject;
			attributes = {
				LastUpgradeCheck = 0920;
				ORGANIZATIONNAME = alexander;
				TargetAttributes = {
					11B9E96A1FFBBEF600C4B953 = {
						CreatedOnToolsVersion = 9.2;
						ProvisioningStyle = Automatic;
					};
					11B9E9821FFBBEF600C4B953 = {
						CreatedOnToolsVersion = 9.2;
						ProvisioningStyle = Automatic;
						TestTargetID = 11B9E96A1FFBBEF600C4B953;
					};
					11B9E98D1FFBBEF600C4B953 = {
						CreatedOnToolsVersion = 9.2;
						ProvisioningStyle = Automatic;
						TestTargetID = 11B9E96A1FFBBEF600C4B953;
					};
				};
			};
			buildConfigurationList = 11B9E9661FFBBEF600C4B953 /* Build configuration list for PBXProject "SKPopMenuDemo" */;
			compatibilityVersion = "Xcode 8.0";
			developmentRegion = en;
			hasScannedForEncodings = 0;
			knownRegions = (
				en,
				Base,
			);
			mainGroup = 11B9E9621FFBBEF600C4B953;
			productRefGroup = 11B9E96C1FFBBEF600C4B953 /* Products */;
			projectDirPath = "";
			projectRoot = "";
			targets = (
				11B9E96A1FFBBEF600C4B953 /* SKPopMenuDemo */,
				11B9E9821FFBBEF600C4B953 /* SKPopMenuDemoTests */,
				11B9E98D1FFBBEF600C4B953 /* SKPopMenuDemoUITests */,
			);
		};
/* End PBXProject section */

/* Begin PBXResourcesBuildPhase section */
		11B9E9691FFBBEF600C4B953 /* Resources */ = {
			isa = PBXResourcesBuildPhase;
			buildActionMask = 2147483647;
			files = (
				11B9E9C21FFBC36500C4B953 /* Info.plist in Resources */,
				11B9E97B1FFBBEF600C4B953 /* LaunchScreen.storyboard in Resources */,
				11B9E9781FFBBEF600C4B953 /* Assets.xcassets in Resources */,
			);
			runOnlyForDeploymentPostprocessing = 0;
		};
		11B9E9811FFBBEF600C4B953 /* Resources */ = {
			isa = PBXResourcesBuildPhase;
			buildActionMask = 2147483647;
			files = (
			);
			runOnlyForDeploymentPostprocessing = 0;
		};
		11B9E98C1FFBBEF600C4B953 /* Resources */ = {
			isa = PBXResourcesBuildPhase;
			buildActionMask = 2147483647;
			files = (
			);
			runOnlyForDeploymentPostprocessing = 0;
		};
/* End PBXResourcesBuildPhase section */

/* Begin PBXSourcesBuildPhase section */
		11B9E9671FFBBEF600C4B953 /* Sources */ = {
			isa = PBXSourcesBuildPhase;
			buildActionMask = 2147483647;
			files = (
				11B9E9C51FFBC36500C4B953 /* MASConstraintMaker.m in Sources */,
				11B9E9731FFBBEF600C4B953 /* ViewController.m in Sources */,
				11B9E97E1FFBBEF600C4B953 /* main.m in Sources */,
				11B9E9C41FFBC36500C4B953 /* MASConstraint.m in Sources */,
				11B9E9CC1FFBC36500C4B953 /* ViewController+MASAdditions.m in Sources */,
				11B9E9C61FFBC36500C4B953 /* MASLayoutConstraint.m in Sources */,
				11B9E9C91FFBC36500C4B953 /* NSArray+MASAdditions.m in Sources */,
				11B9E9C81FFBC36500C4B953 /* MASViewConstraint.m in Sources */,
				11B9E9C71FFBC36500C4B953 /* MASViewAttribute.m in Sources */,
				11B9E9CB1FFBC36500C4B953 /* View+MASAdditions.m in Sources */,
				11B9E9701FFBBEF600C4B953 /* AppDelegate.m in Sources */,
				11B9E9A31FFBC33F00C4B953 /* SKPopMenuListView.m in Sources */,
				11B9E9C31FFBC36500C4B953 /* MASCompositeConstraint.m in Sources */,
				11B9E9CA1FFBC36500C4B953 /* NSLayoutConstraint+MASDebugAdditions.m in Sources */,
			);
			runOnlyForDeploymentPostprocessing = 0;
		};
		11B9E97F1FFBBEF600C4B953 /* Sources */ = {
			isa = PBXSourcesBuildPhase;
			buildActionMask = 2147483647;
			files = (
				11B9E9881FFBBEF600C4B953 /* SKPopMenuDemoTests.m in Sources */,
			);
			runOnlyForDeploymentPostprocessing = 0;
		};
		11B9E98A1FFBBEF600C4B953 /* Sources */ = {
			isa = PBXSourcesBuildPhase;
			buildActionMask = 2147483647;
			files = (
				11B9E9931FFBBEF600C4B953 /* SKPopMenuDemoUITests.m in Sources */,
			);
			runOnlyForDeploymentPostprocessing = 0;
		};
/* End PBXSourcesBuildPhase section */

/* Begin PBXTargetDependency section */
		11B9E9851FFBBEF600C4B953 /* PBXTargetDependency */ = {
			isa = PBXTargetDependency;
			target = 11B9E96A1FFBBEF600C4B953 /* SKPopMenuDemo */;
			targetProxy = 11B9E9841FFBBEF600C4B953 /* PBXContainerItemProxy */;
		};
		11B9E9901FFBBEF600C4B953 /* PBXTargetDependency */ = {
			isa = PBXTargetDependency;
			target = 11B9E96A1FFBBEF600C4B953 /* SKPopMenuDemo */;
			targetProxy = 11B9E98F1FFBBEF600C4B953 /* PBXContainerItemProxy */;
		};
/* End PBXTargetDependency section */

/* Begin PBXVariantGroup section */
		11B9E9791FFBBEF600C4B953 /* LaunchScreen.storyboard */ = {
			isa = PBXVariantGroup;
			children = (
				11B9E97A1FFBBEF600C4B953 /* Base */,
			);
			name = LaunchScreen.storyboard;
			sourceTree = "<group>";
		};
/* End PBXVariantGroup section */

/* Begin XCBuildConfiguration section */
		11B9E9951FFBBEF600C4B953 /* Debug */ = {
			isa = XCBuildConfiguration;
			buildSettings = {
				ALWAYS_SEARCH_USER_PATHS = NO;
				CLANG_ANALYZER_NONNULL = YES;
				CLANG_ANALYZER_NUMBER_OBJECT_CONVERSION = YES_AGGRESSIVE;
				CLANG_CXX_LANGUAGE_STANDARD = "gnu++14";
				CLANG_CXX_LIBRARY = "libc++";
				CLANG_ENABLE_MODULES = YES;
				CLANG_ENABLE_OBJC_ARC = YES;
				CLANG_WARN_BLOCK_CAPTURE_AUTORELEASING = YES;
				CLANG_WARN_BOOL_CONVERSION = YES;
				CLANG_WARN_COMMA = YES;
				CLANG_WARN_CONSTANT_CONVERSION = YES;
				CLANG_WARN_DIRECT_OBJC_ISA_USAGE = YES_ERROR;
				CLANG_WARN_DOCUMENTATION_COMMENTS = YES;
				CLANG_WARN_EMPTY_BODY = YES;
				CLANG_WARN_ENUM_CONVERSION = YES;
				CLANG_WARN_INFINITE_RECURSION = YES;
				CLANG_WARN_INT_CONVERSION = YES;
				CLANG_WARN_NON_LITERAL_NULL_CONVERSION = YES;
				CLANG_WARN_OBJC_LITERAL_CONVERSION = YES;
				CLANG_WARN_OBJC_ROOT_CLASS = YES_ERROR;
				CLANG_WARN_RANGE_LOOP_ANALYSIS = YES;
				CLANG_WARN_STRICT_PROTOTYPES = YES;
				CLANG_WARN_SUSPICIOUS_MOVE = YES;
				CLANG_WARN_UNGUARDED_AVAILABILITY = YES_AGGRESSIVE;
				CLANG_WARN_UNREACHABLE_CODE = YES;
				CLANG_WARN__DUPLICATE_METHOD_MATCH = YES;
				CODE_SIGN_IDENTITY = "iPhone Developer";
				COPY_PHASE_STRIP = NO;
				DEBUG_INFORMATION_FORMAT = dwarf;
				ENABLE_STRICT_OBJC_MSGSEND = YES;
				ENABLE_TESTABILITY = YES;
				GCC_C_LANGUAGE_STANDARD = gnu11;
				GCC_DYNAMIC_NO_PIC = NO;
				GCC_NO_COMMON_BLOCKS = YES;
				GCC_OPTIMIZATION_LEVEL = 0;
				GCC_PREPROCESSOR_DEFINITIONS = (
					"DEBUG=1",
					"$(inherited)",
				);
				GCC_WARN_64_TO_32_BIT_CONVERSION = YES;
				GCC_WARN_ABOUT_RETURN_TYPE = YES_ERROR;
				GCC_WARN_UNDECLARED_SELECTOR = YES;
				GCC_WARN_UNINITIALIZED_AUTOS = YES_AGGRESSIVE;
				GCC_WARN_UNUSED_FUNCTION = YES;
				GCC_WARN_UNUSED_VARIABLE = YES;
				IPHONEOS_DEPLOYMENT_TARGET = 11.2;
				MTL_ENABLE_DEBUG_INFO = YES;
				ONLY_ACTIVE_ARCH = YES;
				SDKROOT = iphoneos;
			};
			name = Debug;
		};
		11B9E9961FFBBEF600C4B953 /* Release */ = {
			isa = XCBuildConfiguration;
			buildSettings = {
				ALWAYS_SEARCH_USER_PATHS = NO;
				CLANG_ANALYZER_NONNULL = YES;
				CLANG_ANALYZER_NUMBER_OBJECT_CONVERSION = YES_AGGRESSIVE;
				CLANG_CXX_LANGUAGE_STANDARD = "gnu++14";
				CLANG_CXX_LIBRARY = "libc++";
				CLANG_ENABLE_MODULES = YES;
				CLANG_ENABLE_OBJC_ARC = YES;
				CLANG_WARN_BLOCK_CAPTURE_AUTORELEASING = YES;
				CLANG_WARN_BOOL_CONVERSION = YES;
				CLANG_WARN_COMMA = YES;
				CLANG_WARN_CONSTANT_CONVERSION = YES;
				CLANG_WARN_DIRECT_OBJC_ISA_USAGE = YES_ERROR;
				CLANG_WARN_DOCUMENTATION_COMMENTS = YES;
				CLANG_WARN_EMPTY_BODY = YES;
				CLANG_WARN_ENUM_CONVERSION = YES;
				CLANG_WARN_INFINITE_RECURSION = YES;
				CLANG_WARN_INT_CONVERSION = YES;
				CLANG_WARN_NON_LITERAL_NULL_CONVERSION = YES;
				CLANG_WARN_OBJC_LITERAL_CONVERSION = YES;
				CLANG_WARN_OBJC_ROOT_CLASS = YES_ERROR;
				CLANG_WARN_RANGE_LOOP_ANALYSIS = YES;
				CLANG_WARN_STRICT_PROTOTYPES = YES;
				CLANG_WARN_SUSPICIOUS_MOVE = YES;
				CLANG_WARN_UNGUARDED_AVAILABILITY = YES_AGGRESSIVE;
				CLANG_WARN_UNREACHABLE_CODE = YES;
				CLANG_WARN__DUPLICATE_METHOD_MATCH = YES;
				CODE_SIGN_IDENTITY = "iPhone Developer";
				COPY_PHASE_STRIP = NO;
				DEBUG_INFORMATION_FORMAT = "dwarf-with-dsym";
				ENABLE_NS_ASSERTIONS = NO;
				ENABLE_STRICT_OBJC_MSGSEND = YES;
				GCC_C_LANGUAGE_STANDARD = gnu11;
				GCC_NO_COMMON_BLOCKS = YES;
				GCC_WARN_64_TO_32_BIT_CONVERSION = YES;
				GCC_WARN_ABOUT_RETURN_TYPE = YES_ERROR;
				GCC_WARN_UNDECLARED_SELECTOR = YES;
				GCC_WARN_UNINITIALIZED_AUTOS = YES_AGGRESSIVE;
				GCC_WARN_UNUSED_FUNCTION = YES;
				GCC_WARN_UNUSED_VARIABLE = YES;
				IPHONEOS_DEPLOYMENT_TARGET = 11.2;
				MTL_ENABLE_DEBUG_INFO = NO;
				SDKROOT = iphoneos;
				VALIDATE_PRODUCT = YES;
			};
			name = Release;
		};
		11B9E9981FFBBEF600C4B953 /* Debug */ = {
			isa = XCBuildConfiguration;
			buildSettings = {
				ASSETCATALOG_COMPILER_APPICON_NAME = AppIcon;
				CODE_SIGN_STYLE = Automatic;
				DEVELOPMENT_TEAM = R9LD73WP5P;
				GCC_PREFIX_HEADER = "$(SRCROOT)/SKPopMenuDemo/pop.pch";
				INFOPLIST_FILE = SKPopMenuDemo/Info.plist;
				LD_RUNPATH_SEARCH_PATHS = "$(inherited) @executable_path/Frameworks";
				PRODUCT_BUNDLE_IDENTIFIER = com.sk.SKPopMenuDemo22;
				PRODUCT_NAME = "$(TARGET_NAME)";
				TARGETED_DEVICE_FAMILY = "1,2";
			};
			name = Debug;
		};
		11B9E9991FFBBEF600C4B953 /* Release */ = {
			isa = XCBuildConfiguration;
			buildSettings = {
				ASSETCATALOG_COMPILER_APPICON_NAME = AppIcon;
				CODE_SIGN_STYLE = Automatic;
				DEVELOPMENT_TEAM = R9LD73WP5P;
				GCC_PREFIX_HEADER = "$(SRCROOT)/SKPopMenuDemo/pop.pch";
				INFOPLIST_FILE = SKPopMenuDemo/Info.plist;
				LD_RUNPATH_SEARCH_PATHS = "$(inherited) @executable_path/Frameworks";
				PRODUCT_BUNDLE_IDENTIFIER = com.sk.SKPopMenuDemo22;
				PRODUCT_NAME = "$(TARGET_NAME)";
				TARGETED_DEVICE_FAMILY = "1,2";
			};
			name = Release;
		};
		11B9E99B1FFBBEF600C4B953 /* Debug */ = {
			isa = XCBuildConfiguration;
			buildSettings = {
				BUNDLE_LOADER = "$(TEST_HOST)";
				CODE_SIGN_STYLE = Automatic;
				DEVELOPMENT_TEAM = 7DC4XMJV5E;
				INFOPLIST_FILE = SKPopMenuDemoTests/Info.plist;
				LD_RUNPATH_SEARCH_PATHS = "$(inherited) @executable_path/Frameworks @loader_path/Frameworks";
				PRODUCT_BUNDLE_IDENTIFIER = com.sk.SKPopMenuDemoTests;
				PRODUCT_NAME = "$(TARGET_NAME)";
				TARGETED_DEVICE_FAMILY = "1,2";
				TEST_HOST = "$(BUILT_PRODUCTS_DIR)/SKPopMenuDemo.app/SKPopMenuDemo";
			};
			name = Debug;
		};
		11B9E99C1FFBBEF600C4B953 /* Release */ = {
			isa = XCBuildConfiguration;
			buildSettings = {
				BUNDLE_LOADER = "$(TEST_HOST)";
				CODE_SIGN_STYLE = Automatic;
				DEVELOPMENT_TEAM = 7DC4XMJV5E;
				INFOPLIST_FILE = SKPopMenuDemoTests/Info.plist;
				LD_RUNPATH_SEARCH_PATHS = "$(inherited) @executable_path/Frameworks @loader_path/Frameworks";
				PRODUCT_BUNDLE_IDENTIFIER = com.sk.SKPopMenuDemoTests;
				PRODUCT_NAME = "$(TARGET_NAME)";
				TARGETED_DEVICE_FAMILY = "1,2";
				TEST_HOST = "$(BUILT_PRODUCTS_DIR)/SKPopMenuDemo.app/SKPopMenuDemo";
			};
			name = Release;
		};
		11B9E99E1FFBBEF600C4B953 /* Debug */ = {
			isa = XCBuildConfiguration;
			buildSettings = {
				CODE_SIGN_STYLE = Automatic;
				DEVELOPMENT_TEAM = 7DC4XMJV5E;
				INFOPLIST_FILE = SKPopMenuDemoUITests/Info.plist;
				LD_RUNPATH_SEARCH_PATHS = "$(inherited) @executable_path/Frameworks @loader_path/Frameworks";
				PRODUCT_BUNDLE_IDENTIFIER = com.sk.SKPopMenuDemoUITests;
				PRODUCT_NAME = "$(TARGET_NAME)";
				TARGETED_DEVICE_FAMILY = "1,2";
				TEST_TARGET_NAME = SKPopMenuDemo;
			};
			name = Debug;
		};
		11B9E99F1FFBBEF600C4B953 /* Release */ = {
			isa = XCBuildConfiguration;
			buildSettings = {
				CODE_SIGN_STYLE = Automatic;
				DEVELOPMENT_TEAM = 7DC4XMJV5E;
				INFOPLIST_FILE = SKPopMenuDemoUITests/Info.plist;
				LD_RUNPATH_SEARCH_PATHS = "$(inherited) @executable_path/Frameworks @loader_path/Frameworks";
				PRODUCT_BUNDLE_IDENTIFIER = com.sk.SKPopMenuDemoUITests;
				PRODUCT_NAME = "$(TARGET_NAME)";
				TARGETED_DEVICE_FAMILY = "1,2";
				TEST_TARGET_NAME = SKPopMenuDemo;
			};
			name = Release;
		};
/* End XCBuildConfiguration section */

/* Begin XCConfigurationList section */
		11B9E9661FFBBEF600C4B953 /* Build configuration list for PBXProject "SKPopMenuDemo" */ = {
			isa = XCConfigurationList;
			buildConfigurations = (
				11B9E9951FFBBEF600C4B953 /* Debug */,
				11B9E9961FFBBEF600C4B953 /* Release */,
			);
			defaultConfigurationIsVisible = 0;
			defaultConfigurationName = Release;
		};
		11B9E9971FFBBEF600C4B953 /* Build configuration list for PBXNativeTarget "SKPopMenuDemo" */ = {
			isa = XCConfigurationList;
			buildConfigurations = (
				11B9E9981FFBBEF600C4B953 /* Debug */,
				11B9E9991FFBBEF600C4B953 /* Release */,
			);
			defaultConfigurationIsVisible = 0;
			defaultConfigurationName = Release;
		};
		11B9E99A1FFBBEF600C4B953 /* Build configuration list for PBXNativeTarget "SKPopMenuDemoTests" */ = {
			isa = XCConfigurationList;
			buildConfigurations = (
				11B9E99B1FFBBEF600C4B953 /* Debug */,
				11B9E99C1FFBBEF600C4B953 /* Release */,
			);
			defaultConfigurationIsVisible = 0;
			defaultConfigurationName = Release;
		};
		11B9E99D1FFBBEF600C4B953 /* Build configuration list for PBXNativeTarget "SKPopMenuDemoUITests" */ = {
			isa = XCConfigurationList;
			buildConfigurations = (
				11B9E99E1FFBBEF600C4B953 /* Debug */,
				11B9E99F1FFBBEF600C4B953 /* Release */,
			);
			defaultConfigurationIsVisible = 0;
			defaultConfigurationName = Release;
		};
/* End XCConfigurationList section */
	};
	rootObject = 11B9E9631FFBBEF600C4B953 /* Project object */;
}
